
Microsoft Visual Studio Solution File, Format Version 12.00
# Visual Studio Version 17
VisualStudioVersion = 17.5.33530.505
MinimumVisualStudioVersion = 10.0.40219.1
Project("{9A19103F-16F7-4668-BE54-9A1E7A4F7556}") = "RaevenBot.Discord", "RaevenBot.Discord\RaevenBot.Discord.csproj", "{AF4E9AC3-C71B-4B63-950D-018AA484A422}"
EndProject
Project("{2150E333-8FDC-42A3-9474-1A3956D46DE8}") = "Solution Items", "Solution Items", "{DC4B3B01-01DF-4586-B945-8A31FD5269C1}"
	ProjectSection(SolutionItems) = preProject
		.dockerignore = .dockerignore
		.gitignore = .gitignore
	EndProjectSection
EndProject
Global
	GlobalSection(SolutionConfigurationPlatforms) = preSolution
		Debug|Any CPU = Debug|Any CPU
		Release|Any CPU = Release|Any CPU
	EndGlobalSection
	GlobalSection(ProjectConfigurationPlatforms) = postSolution
		{AF4E9AC3-C71B-4B63-950D-018AA484A422}.Debug|Any CPU.ActiveCfg = Debug|Any CPU
		{AF4E9AC3-C71B-4B63-950D-018AA484A422}.Debug|Any CPU.Build.0 = Debug|Any CPU
		{AF4E9AC3-C71B-4B63-950D-018AA484A422}.Release|Any CPU.ActiveCfg = Release|Any CPU
		{AF4E9AC3-C71B-4B63-950D-018AA484A422}.Release|Any CPU.Build.0 = Release|Any CPU
	EndGlobalSection
	GlobalSection(SolutionProperties) = preSolution
		HideSolutionNode = FALSE
	EndGlobalSection
EndGlobal
